
Microsoft Visual Studio Solution File, Format Version 12.00
# Visual Studio Version 16
VisualStudioVersion = 16.0.32413.511
MinimumVisualStudioVersion = 10.0.40219.1
Project("{FAE04EC0-301F-11D3-BF4B-00C04F79EFBC}") = "WebApiEF", "WebApiEF\WebApiEF.csproj", "{6C6F41CC-2F1C-4081-B3B5-83F288A85098}"
EndProject
Global
	GlobalSection(SolutionConfigurationPlatforms) = preSolution
		Debug|Any CPU = Debug|Any CPU
		Release|Any CPU = Release|Any CPU
	EndGlobalSection
	GlobalSection(ProjectConfigurationPlatforms) = postSolution
		{6C6F41CC-2F1C-4081-B3B5-83F288A85098}.Debug|Any CPU.ActiveCfg = Debug|Any CPU
		{6C6F41CC-2F1C-4081-B3B5-83F288A85098}.Debug|Any CPU.Build.0 = Debug|Any CPU
		{6C6F41CC-2F1C-4081-B3B5-83F288A85098}.Release|Any CPU.ActiveCfg = Release|Any CPU
		{6C6F41CC-2F1C-4081-B3B5-83F288A85098}.Release|Any CPU.Build.0 = Release|Any CPU
	EndGlobalSection
	GlobalSection(SolutionProperties) = preSolution
		HideSolutionNode = FALSE
	EndGlobalSection
	GlobalSection(ExtensibilityGlobals) = postSolution
		SolutionGuid = {EA2A68CB-FA7F-4622-A547-B055EEF09D55}
	EndGlobalSection
EndGlobal
